github.com/tigorlazuardi/tower v0.1.1 h1:9GayQeZ0T8rZPHSQrVjicJOAkw1UDhvPlbq1cj7LGlI=
github.com/tigorlazuardi/tower v0.1.1/go.mod h1:6Vaj+6OCY4MklmqBn5+5+NBjsYYmeXf1ZahsjCRUcJw=
github.com/tigorlazuardi/tower v0.1.7 h1:sAhnBNgHOWwuLgctsbvdHR3e984NmWmz4d114TYLbak=
github.com/tigorlazuardi/tower v0.1.7/go.mod h1:6Vaj+6OCY4MklmqBn5+5+NBjsYYmeXf1ZahsjCRUcJw=
