github.com/kinbiko/jsonassert v1.1.1 h1:DB12divY+YB+cVpHULLuKePSi6+ui4M/shHSzJISkSE=
github.com/kinbiko/jsonassert v1.1.1/go.mod h1:NO4lzrogohtIdNUNzx8sdzB55M4R4Q1bsrWVdqQ7C+A=
github.com/tigorlazuardi/tower v0.7.2 h1:ud4XIIbOTMRJyiuYI1gV1NCbM/sCb3a49IjgzOx90Dk=
github.com/tigorlazuardi/tower v0.7.2/go.mod h1:UcUlah/CdoNBA7ZTbkXVY1LtJydwVsk1Hnttg7Qcq/M=
github.com/tigorlazuardi/tower/pool v0.7.2 h1:v6iHuPWTp7/ZX72v9q80cLrm1d2FqN9f7NacJbBmxyM=
github.com/tigorlazuardi/tower/pool v0.7.2/go.mod h1:UcixaGIjnGHZWCKbW/GRBN78lp1xcmyqIzmHEAAAER8=
