github.com/bwmarrin/snowflake v0.3.0 h1:xm67bEhkKh6ij1790JB83OujPR5CzNe8QuQqAgISZN0=
github.com/bwmarrin/snowflake v0.3.0/go.mod h1:NdZxfVWX+oR6y2K0o6qAYv6gIOP9rjG0/E9WsDpxqwE=
github.com/go-errors/errors v1.0.1 h1:LUHzmkK3GUKUrL/1gfBUxAHzcev3apQlezX/+O7ma6w=
github.com/go-errors/errors v1.0.1/go.mod h1:f4zRHt4oKfwPJE5k8C9vpYG+aDHdBFUsgrm6/TyX73Q=
github.com/kinbiko/jsonassert v1.1.1 h1:DB12divY+YB+cVpHULLuKePSi6+ui4M/shHSzJISkSE=
github.com/kinbiko/jsonassert v1.1.1/go.mod h1:NO4lzrogohtIdNUNzx8sdzB55M4R4Q1bsrWVdqQ7C+A=
github.com/tigorlazuardi/tower v0.8.0 h1:EbiLz8xTmpDsFfg1dhdEP/SITpx18Fm5ejkAwpCnJFA=
github.com/tigorlazuardi/tower v0.8.0/go.mod h1:UcUlah/CdoNBA7ZTbkXVY1LtJydwVsk1Hnttg7Qcq/M=
github.com/tigorlazuardi/tower/bucket v0.8.0 h1:RQesXgbQ4l0C1H2T33Beq8HIWqPw8Z+LES4p3ZETqik=
github.com/tigorlazuardi/tower/bucket v0.8.0/go.mod h1:SqB4TtATv8CjHGfmZCBYgT2kshoj5H0YmByujA+73b0=
github.com/tigorlazuardi/tower/cache v0.8.0 h1:Zyzj3/EhA89LomdlhLlsr1522RYTkGksxXng4Y9/BE0=
github.com/tigorlazuardi/tower/cache v0.8.0/go.mod h1:FuG2DsYl1loedVLahwwGXSuw9Lj3rjtS05VfsE5NY88=
github.com/tigorlazuardi/tower/loader v0.8.0 h1:F/pWP3NZO3CVlR+80JJ+KV7T78J8oaEEjjWDEc78Qwg=
github.com/tigorlazuardi/tower/loader v0.8.0/go.mod h1:PPIxoOuLRELnBuUMuKP/210oQ2l6r8cZA9Jq7ToQRGI=
github.com/tigorlazuardi/tower/queue v0.8.0 h1:G3Q2lXXHZEhCgjAmPoz4Avc4wvY/glrFOLoY1aMPOzM=
github.com/tigorlazuardi/tower/queue v0.8.0/go.mod h1:BXl01VRZacDUG4/5QJQbH0YGWBOx3ZDJn7npMButuU4=
