github.com/bwmarrin/snowflake v0.3.0 h1:xm67bEhkKh6ij1790JB83OujPR5CzNe8QuQqAgISZN0=
github.com/bwmarrin/snowflake v0.3.0/go.mod h1:NdZxfVWX+oR6y2K0o6qAYv6gIOP9rjG0/E9WsDpxqwE=
github.com/go-errors/errors v1.0.1 h1:LUHzmkK3GUKUrL/1gfBUxAHzcev3apQlezX/+O7ma6w=
github.com/go-errors/errors v1.0.1/go.mod h1:f4zRHt4oKfwPJE5k8C9vpYG+aDHdBFUsgrm6/TyX73Q=
github.com/kinbiko/jsonassert v1.1.1 h1:DB12divY+YB+cVpHULLuKePSi6+ui4M/shHSzJISkSE=
github.com/kinbiko/jsonassert v1.1.1/go.mod h1:NO4lzrogohtIdNUNzx8sdzB55M4R4Q1bsrWVdqQ7C+A=
github.com/tigorlazuardi/tower v0.7.3 h1:7ltjoPqAEg8g5FrYZ3qIeOzIRw7/FB4PTGg4RLeSGQI=
github.com/tigorlazuardi/tower v0.7.3/go.mod h1:UcUlah/CdoNBA7ZTbkXVY1LtJydwVsk1Hnttg7Qcq/M=
github.com/tigorlazuardi/tower/bucket v0.7.3 h1:OLl2RQQy8ZprjFKXIdrOvm6cC//pvrDczEBFeNFBEAI=
github.com/tigorlazuardi/tower/bucket v0.7.3/go.mod h1:SqB4TtATv8CjHGfmZCBYgT2kshoj5H0YmByujA+73b0=
github.com/tigorlazuardi/tower/cache v0.7.3 h1:aSVJ8pONEfNNREbGD351WvvwcvoDJTvguWaGGeQxA4w=
github.com/tigorlazuardi/tower/cache v0.7.3/go.mod h1:FuG2DsYl1loedVLahwwGXSuw9Lj3rjtS05VfsE5NY88=
github.com/tigorlazuardi/tower/loader v0.7.3 h1:sDabfbpPNx+BJtI0rJXAWW67R0kJra25xB0qsIAEoTo=
github.com/tigorlazuardi/tower/loader v0.7.3/go.mod h1:PPIxoOuLRELnBuUMuKP/210oQ2l6r8cZA9Jq7ToQRGI=
github.com/tigorlazuardi/tower/queue v0.7.3 h1:d9bLofKe6Rem10Nt9zUNjQ5YSictJD5rEYt966uSh+Y=
github.com/tigorlazuardi/tower/queue v0.7.3/go.mod h1:BXl01VRZacDUG4/5QJQbH0YGWBOx3ZDJn7npMButuU4=
