github.com/bwmarrin/snowflake v0.3.0 h1:xm67bEhkKh6ij1790JB83OujPR5CzNe8QuQqAgISZN0=
github.com/bwmarrin/snowflake v0.3.0/go.mod h1:NdZxfVWX+oR6y2K0o6qAYv6gIOP9rjG0/E9WsDpxqwE=
github.com/tigorlazuardi/tower v0.1.1 h1:9GayQeZ0T8rZPHSQrVjicJOAkw1UDhvPlbq1cj7LGlI=
github.com/tigorlazuardi/tower v0.1.1/go.mod h1:6Vaj+6OCY4MklmqBn5+5+NBjsYYmeXf1ZahsjCRUcJw=
github.com/tigorlazuardi/tower/queue v0.0.0-20221123101858-f434f566477f h1:ge3rxGQoTv72PJPqd5Jr5npG2BQeG/WDjSlwmaadRck=
github.com/tigorlazuardi/tower/queue v0.0.0-20221123101858-f434f566477f/go.mod h1:BXl01VRZacDUG4/5QJQbH0YGWBOx3ZDJn7npMButuU4=
